<?xml version="1.0" encoding="utf-8"?>
<Project ToolsVersion="4.0" xmlns="http://schemas.microsoft.com/developer/msbuild/2003">
  <ItemGroup>
    <Filter Include="Source Files">
      <UniqueIdentifier>{4FC737F1-C7A5-4376-A066-2A32D752A2FF}</UniqueIdentifier>
      <Extensions>qml;cpp;c;cc;cxx;def;odl;idl;hpj;bat;asm;asmx</Extensions>
    </Filter>
    <Filter Include="Header Files">
      <UniqueIdentifier>{93995380-89BD-4b04-88EB-625FBE52EBFB}</UniqueIdentifier>
      <Extensions>h;hh;hpp;hxx;hm;inl;inc;xsd</Extensions>
    </Filter>
    <Filter Include="Resource Files">
      <UniqueIdentifier>{67DA6AB6-F800-4c08-8B7A-83BB121AAD01}</UniqueIdentifier>
      <Extensions>qrc;rc;ico;cur;bmp;dlg;rc2;rct;bin;rgs;gif;jpg;jpeg;jpe;resx;tiff;tif;png;wav;mfcribbon-ms</Extensions>
    </Filter>
    <Filter Include="Form Files">
      <UniqueIdentifier>{99349809-55BA-4b9d-BF79-8FDBB0286EB3}</UniqueIdentifier>
      <Extensions>ui</Extensions>
    </Filter>
    <Filter Include="Translation Files">
      <UniqueIdentifier>{639EADAA-A684-42e4-A9AD-28FC9BCB8F7C}</UniqueIdentifier>
      <Extensions>ts</Extensions>
    </Filter>
    <Filter Include="Source Files\Models">
      <UniqueIdentifier>{43777c4d-db20-4cb4-aa57-931eae1ca148}</UniqueIdentifier>
    </Filter>
    <Filter Include="Source Files\Models\Document">
      <UniqueIdentifier>{4817e104-527d-4486-9481-c1ee7c0875cf}</UniqueIdentifier>
    </Filter>
    <Filter Include="Source Files\Models\History">
      <UniqueIdentifier>{553831b9-0b54-430d-bd31-5787f33599bf}</UniqueIdentifier>
    </Filter>
    <Filter Include="Source Files\Models\Command">
      <UniqueIdentifier>{30b29899-bff4-4fb8-9a07-918683025548}</UniqueIdentifier>
    </Filter>
    <Filter Include="Source Files\Views">
      <UniqueIdentifier>{de969c82-d334-4a26-9be8-74c54cf1430a}</UniqueIdentifier>
    </Filter>
    <Filter Include="Source Files\Controllers">
      <UniqueIdentifier>{67f22b86-32ff-440b-b0d2-dd0967531592}</UniqueIdentifier>
    </Filter>
    <Filter Include="Source Files\Models\Command\AddShapeCommand">
      <UniqueIdentifier>{aec22c12-f33c-416f-af11-f59f0b40e272}</UniqueIdentifier>
    </Filter>
    <Filter Include="Source Files\Views\Ribbon">
      <UniqueIdentifier>{fc30d0e8-d854-4968-acfc-59f839f7c03a}</UniqueIdentifier>
    </Filter>
    <Filter Include="Source Files\Views\Ribbon\RibbonBar">
      <UniqueIdentifier>{5f2c686c-caf7-43f9-a01f-2b06a91bbf14}</UniqueIdentifier>
    </Filter>
    <Filter Include="Source Files\Views\Ribbon\RibbonGroup">
      <UniqueIdentifier>{2027657e-cfea-410d-ac60-eb8ea3cf3f38}</UniqueIdentifier>
    </Filter>
    <Filter Include="Source Files\Views\MainView">
      <UniqueIdentifier>{e149c9ef-8c84-48d6-a316-1bf2c2ac7859}</UniqueIdentifier>
    </Filter>
    <Filter Include="Source Files\Views\Ribbon\RibbonTab">
      <UniqueIdentifier>{f083a3e7-5553-4055-b3f1-6b3008c5675f}</UniqueIdentifier>
    </Filter>
    <Filter Include="Source Files\Views\CustomTitleBar">
      <UniqueIdentifier>{14d252f3-8bc0-4f06-b55e-4181c4b608c9}</UniqueIdentifier>
    </Filter>
    <Filter Include="Resource Files\icons">
      <UniqueIdentifier>{5342a6f5-dc4c-46cc-93f2-4cd458147755}</UniqueIdentifier>
    </Filter>
    <Filter Include="Resource Files\styles">
      <UniqueIdentifier>{219aac6d-2206-40a2-b6e6-caea81317ef3}</UniqueIdentifier>
    </Filter>
    <Filter Include="Source Files\Models\Selection">
      <UniqueIdentifier>{6a736b10-9323-4c74-97b8-22521cf5ec04}</UniqueIdentifier>
    </Filter>
    <Filter Include="Source Files\Views\Workspace">
      <UniqueIdentifier>{0ef262f6-4017-4669-b252-b5918da3dc9e}</UniqueIdentifier>
    </Filter>
    <Filter Include="Source Files\Models\DocumentSerializer">
      <UniqueIdentifier>{bfe6ee91-895b-4548-a64a-0edaea003523}</UniqueIdentifier>
    </Filter>
    <Filter Include="Source Files\Models\Command\DeleteItemsCommand">
      <UniqueIdentifier>{37d33b9e-a4c3-4e0e-bf55-9226928ce71a}</UniqueIdentifier>
    </Filter>
    <Filter Include="Source Files\Models\DocumentItem">
      <UniqueIdentifier>{6378c31a-9b16-44b2-b95e-06f07b1b2604}</UniqueIdentifier>
    </Filter>
    <Filter Include="Source Files\Models\DocumentItem\Shape">
      <UniqueIdentifier>{1f1b28bd-f08e-483f-a8a0-71e464818668}</UniqueIdentifier>
    </Filter>
    <Filter Include="Source Files\Models\DocumentItem\Image">
      <UniqueIdentifier>{181b0625-927e-47e6-83c3-96a9dcd96391}</UniqueIdentifier>
    </Filter>
    <Filter Include="Source Files\Models\Shared">
      <UniqueIdentifier>{95c9d5d3-3f5f-4e49-9d31-b2d39ebc35f0}</UniqueIdentifier>
    </Filter>
    <Filter Include="Source Files\Models\DocumentItem\Shape\Ellipse">
      <UniqueIdentifier>{629c1591-ef9a-4c38-9798-7cbb7cd6ce5e}</UniqueIdentifier>
    </Filter>
    <Filter Include="Source Files\Models\DocumentItem\Shape\Rectangle">
      <UniqueIdentifier>{acfac361-05fb-4d96-b16b-64c02a39ff23}</UniqueIdentifier>
    </Filter>
    <Filter Include="Source Files\Models\DocumentItem\Shape\Triangle">
      <UniqueIdentifier>{cfc13476-cbf9-4d91-9006-c7efd2ff3f6b}</UniqueIdentifier>
    </Filter>
    <Filter Include="Source Files\Controllers\DocmentController">
      <UniqueIdentifier>{7735b8c6-13ae-4011-90ea-9c1a0bac1eff}</UniqueIdentifier>
    </Filter>
    <Filter Include="Source Files\Models\Factory">
      <UniqueIdentifier>{758eb3e6-8240-4006-927b-ed840a1bf887}</UniqueIdentifier>
    </Filter>
    <Filter Include="Source Files\Models\Factory\DocItemFactory">
      <UniqueIdentifier>{c89374ed-3bc8-4801-acf3-c87561e52f15}</UniqueIdentifier>
    </Filter>
    <Filter Include="Source Files\Views\Factory">
      <UniqueIdentifier>{cb1b863f-d6a1-4109-a2f1-d41488dfbd52}</UniqueIdentifier>
    </Filter>
    <Filter Include="Source Files\Models\Command\AddImageCommand">
      <UniqueIdentifier>{d4b84ef5-e98a-4782-a919-81059ff7edfb}</UniqueIdentifier>
    </Filter>
    <Filter Include="Source Files\Models\ImageStorage">
      <UniqueIdentifier>{8523a5ca-9d12-4a1d-9d48-9ecec0ce98c5}</UniqueIdentifier>
    </Filter>
  </ItemGroup>
  <ItemGroup>
    <ClCompile Include="main.cpp">
      <Filter>Source Files</Filter>
    </ClCompile>
    <ClCompile Include="Models\History\CommandHistory.cpp">
      <Filter>Source Files\Models\History</Filter>
    </ClCompile>
    <ClCompile Include="Views\Ribbon\RibbonBar\RibbonBar.cpp">
      <Filter>Source Files\Views\Ribbon\RibbonBar</Filter>
    </ClCompile>
    <ClCompile Include="Views\MainView\MainView.cpp">
      <Filter>Source Files\Views\MainView</Filter>
    </ClCompile>
    <ClCompile Include="Views\Ribbon\RibbonTab\RibbonTab.cpp">
      <Filter>Source Files\Views\Ribbon\RibbonTab</Filter>
    </ClCompile>
    <ClCompile Include="Views\Ribbon\RibbonGroup\RibbonGroup.cpp">
      <Filter>Source Files\Views\Ribbon\RibbonGroup</Filter>
    </ClCompile>
    <ClCompile Include="Views\CustomTitleBar\CustomTitleBar.cpp">
      <Filter>Source Files\Views\CustomTitleBar</Filter>
    </ClCompile>
    <ClCompile Include="Views\Workspace\WorkspaceWidget.cpp">
      <Filter>Source Files\Views\Workspace</Filter>
    </ClCompile>
    <ClCompile Include="Models\Document\DocumentModel.cpp">
      <Filter>Source Files\Models\Document</Filter>
    </ClCompile>
    <ClCompile Include="Models\DocumentSerializer\XmlSerializer.cpp">
      <Filter>Source Files\Models\DocumentSerializer</Filter>
    </ClCompile>
    <ClCompile Include="Models\DocumentItem\Image\CImage.cpp">
      <Filter>Source Files\Models\DocumentItem\Image</Filter>
    </ClCompile>
    <ClCompile Include="Models\DocumentItem\Shape\Ellipse\CEllipse.cpp">
      <Filter>Source Files\Models\DocumentItem\Shape\Ellipse</Filter>
    </ClCompile>
    <ClCompile Include="Models\DocumentItem\Shape\Triangle\CTriangle.cpp">
      <Filter>Source Files\Models\DocumentItem\Shape\Triangle</Filter>
    </ClCompile>
    <ClCompile Include="Models\DocumentItem\Shape\Rectangle\CRectangle.cpp">
      <Filter>Source Files\Models\DocumentItem\Shape\Rectangle</Filter>
    </ClCompile>
    <ClCompile Include="Controllers\DocumentController\DocumentController.cpp">
      <Filter>Source Files\Controllers\DocmentController</Filter>
    </ClCompile>
    <ClCompile Include="Models\Factory\DocItemFactory\DocItemFactory.cpp">
      <Filter>Source Files\Models\Factory\DocItemFactory</Filter>
    </ClCompile>
    <ClCompile Include="Views\Factory\QtGraphicsItemFactory.cpp">
      <Filter>Source Files\Views\Factory</Filter>
    </ClCompile>
    <ClCompile Include="Models\Command\AddShapeCommand\AddShapeCommand.cpp">
      <Filter>Source Files\Models\Command\AddShapeCommand</Filter>
    </ClCompile>
    <ClCompile Include="Models\ImageStorage\ImageStorage.cpp">
      <Filter>Source Files\Models\ImageStorage</Filter>
    </ClCompile>
    <ClCompile Include="Models\Command\AddImageCommand\AddImageCommand.cpp">
      <Filter>Source Files\Models\Command\AddImageCommand</Filter>
    </ClCompile>
  </ItemGroup>
  <ItemGroup>
    <ClInclude Include="Models\Command\AbstractCommand.h">
      <Filter>Source Files\Models\Command</Filter>
    </ClInclude>
    <ClInclude Include="Models\Command\AbstractUndoableCommand.h">
      <Filter>Source Files\Models\Command</Filter>
    </ClInclude>
    <ClInclude Include="Models\Command\ICommand.h">
      <Filter>Source Files\Models\Command</Filter>
    </ClInclude>
    <ClInclude Include="Models\Command\IUndoableCommand.h">
      <Filter>Source Files\Models\Command</Filter>
    </ClInclude>
    <ClInclude Include="Models\History\IHistory.h">
      <Filter>Source Files\Models\History</Filter>
    </ClInclude>
    <ClInclude Include="Models\History\ICommandExecutor.h">
      <Filter>Source Files\Models\History</Filter>
    </ClInclude>
    <ClInclude Include="Models\History\CommandHistory.h">
      <Filter>Source Files\Models\History</Filter>
    </ClInclude>
    <ClInclude Include="Models\Document\DocumentModel.h">
      <Filter>Source Files\Models\Document</Filter>
    </ClInclude>
    <ClInclude Include="Models\Document\IDocument.h">
      <Filter>Source Files\Models\Document</Filter>
    </ClInclude>
    <ClInclude Include="Models\Selection\ISelection.h">
      <Filter>Source Files\Models\Selection</Filter>
    </ClInclude>
    <ClInclude Include="Models\Selection\DocumentSelection.h">
      <Filter>Source Files\Models\Selection</Filter>
    </ClInclude>
    <ClInclude Include="Models\DocumentSerializer\ISerializer.h">
      <Filter>Source Files\Models\DocumentSerializer</Filter>
    </ClInclude>
    <ClInclude Include="Models\DocumentSerializer\XmlSerializer.h">
      <Filter>Source Files\Models\DocumentSerializer</Filter>
    </ClInclude>
    <ClInclude Include="Models\Command\DeleteItemsCommand\DeleteItemsCommand.h">
      <Filter>Source Files\Models\Command\DeleteItemsCommand</Filter>
    </ClInclude>
    <ClInclude Include="Models\DocumentItem\DocumentItem.h">
      <Filter>Source Files\Models\DocumentItem</Filter>
    </ClInclude>
    <ClInclude Include="Models\DocumentItem\Image\CImage.h">
      <Filter>Source Files\Models\DocumentItem\Image</Filter>
    </ClInclude>
    <ClInclude Include="Models\DocumentItem\Image\IImage.h">
      <Filter>Source Files\Models\DocumentItem\Image</Filter>
    </ClInclude>
    <ClInclude Include="Models\DocumentItem\Shape\IShape.h">
      <Filter>Source Files\Models\DocumentItem\Shape</Filter>
    </ClInclude>
    <ClInclude Include="Models\DocumentItem\Shape\Ellipse\CEllipse.h">
      <Filter>Source Files\Models\DocumentItem\Shape\Ellipse</Filter>
    </ClInclude>
    <ClInclude Include="Models\DocumentItem\Shape\Triangle\CTriangle.h">
      <Filter>Source Files\Models\DocumentItem\Shape\Triangle</Filter>
    </ClInclude>
    <ClInclude Include="Models\DocumentItem\Shape\Rectangle\CRectangle.h">
      <Filter>Source Files\Models\DocumentItem\Shape\Rectangle</Filter>
    </ClInclude>
    <ClInclude Include="Models\Shared\Geometry.h">
      <Filter>Source Files\Models\Shared</Filter>
    </ClInclude>
    <ClInclude Include="Controllers\DocumentController\IDocumentController.h">
      <Filter>Source Files\Controllers\DocmentController</Filter>
    </ClInclude>
    <ClInclude Include="Models\Factory\DocItemFactory\DocItemFactory.h">
      <Filter>Source Files\Models\Factory\DocItemFactory</Filter>
    </ClInclude>
    <ClInclude Include="Views\Factory\QtGraphicsItemFactory.h">
      <Filter>Source Files\Views\Factory</Filter>
    </ClInclude>
    <ClInclude Include="Models\Command\AddShapeCommand\AddShapeCommand.h">
      <Filter>Source Files\Models\Command\AddShapeCommand</Filter>
    </ClInclude>
    <ClInclude Include="Models\Command\AddImageCommand\AddImageCommand.h">
      <Filter>Source Files\Models\Command\AddImageCommand</Filter>
    </ClInclude>
    <ClInclude Include="Models\ImageStorage\IImageStorage.h">
      <Filter>Source Files\Models\ImageStorage</Filter>
    </ClInclude>
    <ClInclude Include="Models\ImageStorage\ImageStorage.h">
      <Filter>Source Files\Models\ImageStorage</Filter>
    </ClInclude>
  </ItemGroup>
  <ItemGroup>
    <QtMoc Include="Views\Ribbon\RibbonBar\RibbonBar.h">
      <Filter>Source Files\Views\Ribbon\RibbonBar</Filter>
    </QtMoc>
    <QtMoc Include="Views\MainView\MainView.h">
      <Filter>Source Files\Views\MainView</Filter>
    </QtMoc>
    <QtMoc Include="Views\Ribbon\RibbonTab\RibbonTab.h">
      <Filter>Source Files\Views\Ribbon\RibbonTab</Filter>
    </QtMoc>
    <QtMoc Include="Views\Ribbon\RibbonGroup\RibbonGroup.h">
      <Filter>Source Files\Views\Ribbon\RibbonGroup</Filter>
    </QtMoc>
    <QtMoc Include="Views\CustomTitleBar\CustomTitleBar.h">
      <Filter>Source Files\Views\CustomTitleBar</Filter>
    </QtMoc>
    <QtMoc Include="Views\Workspace\WorkspaceWidget.h">
      <Filter>Source Files\Views\Workspace</Filter>
    </QtMoc>
    <QtMoc Include="Controllers\DocumentController\DocumentController.h">
      <Filter>Source Files\Controllers\DocmentController</Filter>
    </QtMoc>
  </ItemGroup>
  <ItemGroup>
    <None Include="..\resources\icons\ellipse-icon.svg">
      <Filter>Resource Files\icons</Filter>
    </None>
    <None Include="..\resources\icons\image-icon.svg">
      <Filter>Resource Files\icons</Filter>
    </None>
    <None Include="..\resources\icons\rectangle-icon.svg">
      <Filter>Resource Files\icons</Filter>
    </None>
    <None Include="..\resources\icons\redo-icon.svg">
      <Filter>Resource Files\icons</Filter>
    </None>
    <None Include="..\resources\icons\save-as-icon.svg">
      <Filter>Resource Files\icons</Filter>
    </None>
    <None Include="..\resources\icons\save-icon.svg">
      <Filter>Resource Files\icons</Filter>
    </None>
    <None Include="..\resources\icons\triangle-icon.svg">
      <Filter>Resource Files\icons</Filter>
    </None>
    <None Include="..\resources\icons\undo-icon.svg">
      <Filter>Resource Files\icons</Filter>
    </None>
    <None Include="..\resources\icons\open-file-icon.svg">
      <Filter>Resource Files\icons</Filter>
    </None>
    <None Include="..\resources\styles\RibbonStyles.qss">
      <Filter>Resource Files\styles</Filter>
    </None>
    <None Include="..\resources\styles\TitleBarStyles.qss">
      <Filter>Resource Files\styles</Filter>
    </None>
    <None Include="..\resources\styles\BaseStyles.qss">
      <Filter>Resource Files\styles</Filter>
    </None>
    <None Include="..\resources\icons\window-close-icon.svg">
      <Filter>Resource Files\icons</Filter>
    </None>
    <None Include="..\resources\icons\window-maximize-icon.svg">
      <Filter>Resource Files\icons</Filter>
    </None>
    <None Include="..\resources\icons\window-minimize-icon.svg">
      <Filter>Resource Files\icons</Filter>
    </None>
    <None Include="..\resources\icons\window-restore-icon.svg">
      <Filter>Resource Files\icons</Filter>
    </None>
    <None Include="..\resources\icons\delete-item-icon.svg">
      <Filter>Resource Files\icons</Filter>
    </None>
  </ItemGroup>
  <ItemGroup>
    <QtRcc Include="..\resources\resources.qrc">
      <Filter>Resource Files</Filter>
    </QtRcc>
  </ItemGroup>
  <ItemGroup>
    <Image Include="..\resources\icons\app-icon.ico">
      <Filter>Resource Files\icons</Filter>
    </Image>
  </ItemGroup>
</Project>