<?xml version="1.0" encoding="utf-8"?>
<Project ToolsVersion="4.0" xmlns="http://schemas.microsoft.com/developer/msbuild/2003">
  <ItemGroup>
    <Filter Include="Source Files">
      <UniqueIdentifier>{4FC737F1-C7A5-4376-A066-2A32D752A2FF}</UniqueIdentifier>
      <Extensions>cpp;c;cc;cxx;c++;cppm;ixx;def;odl;idl;hpj;bat;asm;asmx</Extensions>
    </Filter>
    <Filter Include="Header Files">
      <UniqueIdentifier>{93995380-89BD-4b04-88EB-625FBE52EBFB}</UniqueIdentifier>
      <Extensions>h;hh;hpp;hxx;h++;hm;inl;inc;ipp;xsd</Extensions>
    </Filter>
    <Filter Include="Resource Files">
      <UniqueIdentifier>{67DA6AB6-F800-4c08-8B7A-83BB121AAD01}</UniqueIdentifier>
      <Extensions>rc;ico;cur;bmp;dlg;rc2;rct;bin;rgs;gif;jpg;jpeg;jpe;resx;tiff;tif;png;wav;mfcribbon-ms</Extensions>
    </Filter>
    <Filter Include="Dependicies">
      <UniqueIdentifier>{a808865b-b9e7-4bb4-b46f-66238f0a4446}</UniqueIdentifier>
    </Filter>
  </ItemGroup>
  <ItemGroup>
    <ClCompile Include="main.cpp">
      <Filter>Source Files</Filter>
    </ClCompile>
    <ClCompile Include="..\GumballMachine\GumballMachine\GumballMachine.cpp">
      <Filter>Dependicies</Filter>
    </ClCompile>
  </ItemGroup>
  <ItemGroup>
    <ClInclude Include="..\GumballMachine\State\HasQuarterState.h">
      <Filter>Dependicies</Filter>
    </ClInclude>
    <ClInclude Include="..\GumballMachine\State\IState.h">
      <Filter>Dependicies</Filter>
    </ClInclude>
    <ClInclude Include="..\GumballMachine\State\NoQuarterState.h">
      <Filter>Dependicies</Filter>
    </ClInclude>
    <ClInclude Include="..\GumballMachine\State\SoldOutState.h">
      <Filter>Dependicies</Filter>
    </ClInclude>
    <ClInclude Include="..\GumballMachine\State\SoldState.h">
      <Filter>Dependicies</Filter>
    </ClInclude>
    <ClInclude Include="..\GumballMachine\GumballMachine\GumballMachine.h">
      <Filter>Dependicies</Filter>
    </ClInclude>
    <ClInclude Include="..\GumballMachine\GumballMachine\IGumballMachine.h">
      <Filter>Dependicies</Filter>
    </ClInclude>
    <ClInclude Include="..\GumballMachine\GumballMachine\IStateExecutor.h">
      <Filter>Dependicies</Filter>
    </ClInclude>
  </ItemGroup>
</Project>