<?xml version="1.0" encoding="utf-8"?>
<Project ToolsVersion="4.0" xmlns="http://schemas.microsoft.com/developer/msbuild/2003">
  <ItemGroup>
    <Filter Include="Source Files">
      <UniqueIdentifier>{4FC737F1-C7A5-4376-A066-2A32D752A2FF}</UniqueIdentifier>
      <Extensions>cpp;c;cc;cxx;c++;cppm;ixx;def;odl;idl;hpj;bat;asm;asmx</Extensions>
    </Filter>
    <Filter Include="Header Files">
      <UniqueIdentifier>{93995380-89BD-4b04-88EB-625FBE52EBFB}</UniqueIdentifier>
      <Extensions>h;hh;hpp;hxx;h++;hm;inl;inc;ipp;xsd</Extensions>
    </Filter>
    <Filter Include="Resource Files">
      <UniqueIdentifier>{67DA6AB6-F800-4c08-8B7A-83BB121AAD01}</UniqueIdentifier>
      <Extensions>rc;ico;cur;bmp;dlg;rc2;rct;bin;rgs;gif;jpg;jpeg;jpe;resx;tiff;tif;png;wav;mfcribbon-ms</Extensions>
    </Filter>
    <Filter Include="Dependicies">
      <UniqueIdentifier>{5bc42819-bbcd-474c-9c58-cce7b8b558cd}</UniqueIdentifier>
    </Filter>
    <Filter Include="Source Files\TestClasses">
      <UniqueIdentifier>{fda26af2-2b8a-4e43-9574-217b79373f27}</UniqueIdentifier>
    </Filter>
  </ItemGroup>
  <ItemGroup>
    <ClCompile Include="main.cpp">
      <Filter>Source Files</Filter>
    </ClCompile>
    <ClCompile Include="CountingObserver.h">
      <Filter>Source Files\TestClasses</Filter>
    </ClCompile>
    <ClCompile Include="OrderTrackingObserver.h">
      <Filter>Source Files\TestClasses</Filter>
    </ClCompile>
  </ItemGroup>
  <ItemGroup>
    <ClInclude Include="..\WSProDuoLite\Observable\IObservable.h">
      <Filter>Dependicies</Filter>
    </ClInclude>
    <ClInclude Include="..\WSProDuoLite\Observable\PriorityObservable.h">
      <Filter>Dependicies</Filter>
    </ClInclude>
    <ClInclude Include="..\WSProDuoLite\Observable\WeatherData.h">
      <Filter>Dependicies</Filter>
    </ClInclude>
    <ClInclude Include="..\WSProDuoLite\Observer\IObserver.h">
      <Filter>Dependicies</Filter>
    </ClInclude>
  </ItemGroup>
</Project>