<?xml version="1.0" encoding="utf-8"?>
<Project ToolsVersion="4.0" xmlns="http://schemas.microsoft.com/developer/msbuild/2003">
  <ItemGroup>
    <ClCompile Include="tests.cpp" />
    <ClCompile Include="$(MSBuildThisFileDirectory)..\..\lib\native\src\gtest\gtest-all.cc" />
    <ClCompile Include="$(MSBuildThisFileDirectory)..\..\lib\native\src\gmock\gmock-all.cc" />
    <ClCompile Include="..\ShapesProgram\Shape\Picture.cpp">
      <Filter>Dependencies</Filter>
    </ClCompile>
    <ClCompile Include="..\ShapesProgram\Shape\Shape.cpp">
      <Filter>Dependencies</Filter>
    </ClCompile>
  </ItemGroup>
  <ItemGroup>
    <None Include="packages.config" />
  </ItemGroup>
  <ItemGroup>
    <Filter Include="Dependencies">
      <UniqueIdentifier>{a3c77898-6d7b-4959-bc8a-3a5efe65f607}</UniqueIdentifier>
    </Filter>
  </ItemGroup>
  <ItemGroup>
    <ClInclude Include="..\ShapesProgram\gfx\Color.h">
      <Filter>Dependencies</Filter>
    </ClInclude>
    <ClInclude Include="..\ShapesProgram\gfx\ICanvas.h">
      <Filter>Dependencies</Filter>
    </ClInclude>
    <ClInclude Include="..\ShapesProgram\Shape\Picture.h">
      <Filter>Dependencies</Filter>
    </ClInclude>
    <ClInclude Include="..\ShapesProgram\Shape\Shape.h">
      <Filter>Dependencies</Filter>
    </ClInclude>
    <ClInclude Include="..\ShapesProgram\Shape\ShapeStrategy\IShapeStrategy.h">
      <Filter>Dependencies</Filter>
    </ClInclude>
  </ItemGroup>
</Project>