<?xml version="1.0" encoding="utf-8"?>
<Project ToolsVersion="4.0" xmlns="http://schemas.microsoft.com/developer/msbuild/2003">
  <ItemGroup>
    <Filter Include="Source Files">
      <UniqueIdentifier>{4FC737F1-C7A5-4376-A066-2A32D752A2FF}</UniqueIdentifier>
      <Extensions>cpp;c;cc;cxx;c++;cppm;ixx;def;odl;idl;hpj;bat;asm;asmx</Extensions>
    </Filter>
    <Filter Include="Header Files">
      <UniqueIdentifier>{93995380-89BD-4b04-88EB-625FBE52EBFB}</UniqueIdentifier>
      <Extensions>h;hh;hpp;hxx;h++;hm;inl;inc;ipp;xsd</Extensions>
    </Filter>
    <Filter Include="Resource Files">
      <UniqueIdentifier>{67DA6AB6-F800-4c08-8B7A-83BB121AAD01}</UniqueIdentifier>
      <Extensions>rc;ico;cur;bmp;dlg;rc2;rct;bin;rgs;gif;jpg;jpeg;jpe;resx;tiff;tif;png;wav;mfcribbon-ms</Extensions>
    </Filter>
    <Filter Include="Source Files\InputDataStream">
      <UniqueIdentifier>{d19f0752-f1d8-49eb-9c51-ee77e0b9deb3}</UniqueIdentifier>
    </Filter>
    <Filter Include="Source Files\InputDataStreamDecorator">
      <UniqueIdentifier>{be0fc5ad-8647-49c7-b53e-3e3614a3e634}</UniqueIdentifier>
    </Filter>
    <Filter Include="Source Files\OutputDataStream">
      <UniqueIdentifier>{3f7d03a9-9478-41ba-bba4-629b70c96182}</UniqueIdentifier>
    </Filter>
    <Filter Include="Source Files\OutputDataStreamDecorator">
      <UniqueIdentifier>{a08eb346-c537-4969-b07a-587ae14cfedf}</UniqueIdentifier>
    </Filter>
    <Filter Include="Source Files\InputDataStream\FileInputStream">
      <UniqueIdentifier>{a6dc2b40-55f8-4722-8816-78b7fa6484ab}</UniqueIdentifier>
    </Filter>
    <Filter Include="Source Files\InputDataStream\MemoryInputStream">
      <UniqueIdentifier>{bbda9443-eb77-446a-a35b-a081b03e140f}</UniqueIdentifier>
    </Filter>
    <Filter Include="Source Files\OutputDataStream\FileOutputStream">
      <UniqueIdentifier>{7478d37f-3152-4a13-8d14-c63672cc564c}</UniqueIdentifier>
    </Filter>
    <Filter Include="Source Files\OutputDataStream\MemoryOutputStream">
      <UniqueIdentifier>{af4b2fe9-ae38-4e0a-a447-da01742c78d0}</UniqueIdentifier>
    </Filter>
    <Filter Include="Source Files\OutputDataStreamDecorator\CompressOutputDecorator">
      <UniqueIdentifier>{a2b21e51-20b6-4968-9d21-10e77c726299}</UniqueIdentifier>
    </Filter>
    <Filter Include="Source Files\OutputDataStreamDecorator\CryptOutputDecorator">
      <UniqueIdentifier>{59e0bbf9-fe06-4986-9cb1-54309c2f84af}</UniqueIdentifier>
    </Filter>
    <Filter Include="Source Files\InputDataStreamDecorator\DecryptInputDecorator">
      <UniqueIdentifier>{77156575-5201-444a-8c3e-33b722030ba8}</UniqueIdentifier>
    </Filter>
    <Filter Include="Source Files\InputDataStreamDecorator\DecompressInputDecorator">
      <UniqueIdentifier>{944abe18-0188-45a9-8de4-e9ee3ff76a16}</UniqueIdentifier>
    </Filter>
    <Filter Include="Source Files\Cryptographer">
      <UniqueIdentifier>{abefa716-edab-471d-9ab5-bdd98dbfbe89}</UniqueIdentifier>
    </Filter>
    <Filter Include="Source Files\ArgsParser">
      <UniqueIdentifier>{f53d2211-7f44-4bfc-a6c9-b671f5311e54}</UniqueIdentifier>
    </Filter>
    <Filter Include="Source Files\Transformer">
      <UniqueIdentifier>{cabd2828-38e6-4e04-994e-a49ee75a7983}</UniqueIdentifier>
    </Filter>
  </ItemGroup>
  <ItemGroup>
    <ClCompile Include="main.cpp">
      <Filter>Source Files</Filter>
    </ClCompile>
    <ClCompile Include="InputDataStream\FileInputStream\FileInputStream.cpp">
      <Filter>Source Files\InputDataStream\FileInputStream</Filter>
    </ClCompile>
    <ClCompile Include="InputDataStream\MemoryInputStream\MemoryInputStream.cpp">
      <Filter>Source Files\InputDataStream\MemoryInputStream</Filter>
    </ClCompile>
    <ClCompile Include="OutputDataStream\MemoryOutputStream\MemoryOutputStream.cpp">
      <Filter>Source Files\OutputDataStream\MemoryOutputStream</Filter>
    </ClCompile>
    <ClCompile Include="OutputDataStream\FileOutputStream\FileOutputStream.cpp">
      <Filter>Source Files\OutputDataStream\FileOutputStream</Filter>
    </ClCompile>
    <ClCompile Include="InputDataStreamDecorator\InputDataStreamDecorator.cpp">
      <Filter>Source Files\InputDataStreamDecorator</Filter>
    </ClCompile>
    <ClCompile Include="InputDataStreamDecorator\DecryptInputDecorator\DecryptInputStreamDecorator.cpp">
      <Filter>Source Files\InputDataStreamDecorator\DecryptInputDecorator</Filter>
    </ClCompile>
    <ClCompile Include="OutputDataStreamDecorator\OutputDataStreamDecorator.cpp">
      <Filter>Source Files\OutputDataStreamDecorator</Filter>
    </ClCompile>
    <ClCompile Include="Cryptographer\Cryptographer.cpp">
      <Filter>Source Files\Cryptographer</Filter>
    </ClCompile>
    <ClCompile Include="OutputDataStreamDecorator\CryptOutputDecorator\CryptOutputStreamDecorator.cpp">
      <Filter>Source Files\OutputDataStreamDecorator\CryptOutputDecorator</Filter>
    </ClCompile>
    <ClCompile Include="OutputDataStreamDecorator\CompressOutputDecorator\CompressOutputStreamDecorator.cpp">
      <Filter>Source Files\OutputDataStreamDecorator\CompressOutputDecorator</Filter>
    </ClCompile>
    <ClCompile Include="InputDataStreamDecorator\DecompressInputDecorator\DecompressInputStreamDecorator.cpp">
      <Filter>Source Files\InputDataStreamDecorator\DecompressInputDecorator</Filter>
    </ClCompile>
    <ClCompile Include="ArgsParser\ArgsParser.cpp">
      <Filter>Source Files\ArgsParser</Filter>
    </ClCompile>
    <ClCompile Include="Transformer\Transformer.cpp">
      <Filter>Source Files\Transformer</Filter>
    </ClCompile>
  </ItemGroup>
  <ItemGroup>
    <ClInclude Include="InputDataStream\FileInputStream\FileInputStream.h">
      <Filter>Source Files\InputDataStream\FileInputStream</Filter>
    </ClInclude>
    <ClInclude Include="InputDataStream\MemoryInputStream\MemoryInputStream.h">
      <Filter>Source Files\InputDataStream\MemoryInputStream</Filter>
    </ClInclude>
    <ClInclude Include="InputDataStream\IInputDataStream.h">
      <Filter>Source Files\InputDataStream</Filter>
    </ClInclude>
    <ClInclude Include="OutputDataStream\IOutputDataStream.h">
      <Filter>Source Files\OutputDataStream</Filter>
    </ClInclude>
    <ClInclude Include="OutputDataStream\FileOutputStream\FileOutputStream.h">
      <Filter>Source Files\OutputDataStream\FileOutputStream</Filter>
    </ClInclude>
    <ClInclude Include="OutputDataStream\MemoryOutputStream\MemoryOutputStream.h">
      <Filter>Source Files\OutputDataStream\MemoryOutputStream</Filter>
    </ClInclude>
    <ClInclude Include="InputDataStreamDecorator\InputDataStreamDecorator.h">
      <Filter>Source Files\InputDataStreamDecorator</Filter>
    </ClInclude>
    <ClInclude Include="OutputDataStreamDecorator\OutputDataStreamDecorator.h">
      <Filter>Source Files\OutputDataStreamDecorator</Filter>
    </ClInclude>
    <ClInclude Include="OutputDataStreamDecorator\CompressOutputDecorator\CompressOutputStreamDecorator.h">
      <Filter>Source Files\OutputDataStreamDecorator\CompressOutputDecorator</Filter>
    </ClInclude>
    <ClInclude Include="OutputDataStreamDecorator\CryptOutputDecorator\CryptOutputStreamDecorator.h">
      <Filter>Source Files\OutputDataStreamDecorator\CryptOutputDecorator</Filter>
    </ClInclude>
    <ClInclude Include="InputDataStreamDecorator\DecompressInputDecorator\DecompressInputStreamDecorator.h">
      <Filter>Source Files\InputDataStreamDecorator\DecompressInputDecorator</Filter>
    </ClInclude>
    <ClInclude Include="InputDataStreamDecorator\DecryptInputDecorator\DecryptInputStreamDecorator.h">
      <Filter>Source Files\InputDataStreamDecorator\DecryptInputDecorator</Filter>
    </ClInclude>
    <ClInclude Include="Cryptographer\Cryptographer.h">
      <Filter>Source Files\Cryptographer</Filter>
    </ClInclude>
    <ClInclude Include="ArgsParser\ArgsParser.h">
      <Filter>Source Files\ArgsParser</Filter>
    </ClInclude>
    <ClInclude Include="Transformer\Transformer.h">
      <Filter>Source Files\Transformer</Filter>
    </ClInclude>
  </ItemGroup>
</Project>