<?xml version="1.0" encoding="utf-8"?>
<Project ToolsVersion="4.0" xmlns="http://schemas.microsoft.com/developer/msbuild/2003">
  <ItemGroup>
    <Filter Include="Source Files">
      <UniqueIdentifier>{4FC737F1-C7A5-4376-A066-2A32D752A2FF}</UniqueIdentifier>
      <Extensions>cpp;c;cc;cxx;c++;cppm;ixx;def;odl;idl;hpj;bat;asm;asmx</Extensions>
    </Filter>
    <Filter Include="Header Files">
      <UniqueIdentifier>{93995380-89BD-4b04-88EB-625FBE52EBFB}</UniqueIdentifier>
      <Extensions>h;hh;hpp;hxx;h++;hm;inl;inc;ipp;xsd</Extensions>
    </Filter>
    <Filter Include="Resource Files">
      <UniqueIdentifier>{67DA6AB6-F800-4c08-8B7A-83BB121AAD01}</UniqueIdentifier>
      <Extensions>rc;ico;cur;bmp;dlg;rc2;rct;bin;rgs;gif;jpg;jpeg;jpe;resx;tiff;tif;png;wav;mfcribbon-ms</Extensions>
    </Filter>
    <Filter Include="Source Files\Robot">
      <UniqueIdentifier>{6da98a57-4a18-448b-a178-c74d7bd07f5c}</UniqueIdentifier>
    </Filter>
    <Filter Include="Source Files\Command">
      <UniqueIdentifier>{7b2580a7-28a6-476b-ab99-5df428480118}</UniqueIdentifier>
    </Filter>
    <Filter Include="Source Files\Menu">
      <UniqueIdentifier>{604d7ec5-db96-4bdc-8d25-54bcb7d647fd}</UniqueIdentifier>
    </Filter>
    <Filter Include="Source Files\Command\MacroCommandBuilder">
      <UniqueIdentifier>{2d32b6fe-c67b-458d-8321-4c9ba85ca8e0}</UniqueIdentifier>
    </Filter>
  </ItemGroup>
  <ItemGroup>
    <ClCompile Include="main.cpp">
      <Filter>Source Files</Filter>
    </ClCompile>
    <ClCompile Include="Menu\Menu.cpp">
      <Filter>Source Files\Menu</Filter>
    </ClCompile>
    <ClCompile Include="Command\MakeMacroCommand.cpp">
      <Filter>Source Files\Command</Filter>
    </ClCompile>
    <ClCompile Include="Command\MacroCommandBuilder\MacroCommandBuilder.cpp">
      <Filter>Source Files\Command\MacroCommandBuilder</Filter>
    </ClCompile>
  </ItemGroup>
  <ItemGroup>
    <ClInclude Include="Command\ICommand.h">
      <Filter>Source Files\Command</Filter>
    </ClInclude>
    <ClInclude Include="Robot\Robot.h">
      <Filter>Source Files\Robot</Filter>
    </ClInclude>
    <ClInclude Include="Command\MacroCommand.h">
      <Filter>Source Files\Command</Filter>
    </ClInclude>
    <ClInclude Include="Command\StopCommand.h">
      <Filter>Source Files\Command</Filter>
    </ClInclude>
    <ClInclude Include="Command\TurnOffCommand.h">
      <Filter>Source Files\Command</Filter>
    </ClInclude>
    <ClInclude Include="Command\TurnOnCommand.h">
      <Filter>Source Files\Command</Filter>
    </ClInclude>
    <ClInclude Include="Command\WalkCommand.h">
      <Filter>Source Files\Command</Filter>
    </ClInclude>
    <ClInclude Include="Menu\Menu.h">
      <Filter>Source Files\Menu</Filter>
    </ClInclude>
    <ClInclude Include="Command\MenuExitCommand.h">
      <Filter>Source Files\Command</Filter>
    </ClInclude>
    <ClInclude Include="Command\MenuHelpCommand.h">
      <Filter>Source Files\Command</Filter>
    </ClInclude>
    <ClInclude Include="Command\MakeMacroCommand.h">
      <Filter>Source Files\Command</Filter>
    </ClInclude>
    <ClInclude Include="Command\MacroCommandBuilder\IMacroCommandBuidler.h">
      <Filter>Source Files\Command\MacroCommandBuilder</Filter>
    </ClInclude>
    <ClInclude Include="Command\MacroCommandBuilder\MacroCommandBuilder.h">
      <Filter>Source Files\Command\MacroCommandBuilder</Filter>
    </ClInclude>
  </ItemGroup>
</Project>