<?xml version="1.0" encoding="utf-8"?>
<Project ToolsVersion="4.0" xmlns="http://schemas.microsoft.com/developer/msbuild/2003">
  <ItemGroup>
    <Filter Include="Source Files">
      <UniqueIdentifier>{4FC737F1-C7A5-4376-A066-2A32D752A2FF}</UniqueIdentifier>
      <Extensions>cpp;c;cc;cxx;c++;cppm;ixx;def;odl;idl;hpj;bat;asm;asmx</Extensions>
    </Filter>
    <Filter Include="Header Files">
      <UniqueIdentifier>{93995380-89BD-4b04-88EB-625FBE52EBFB}</UniqueIdentifier>
      <Extensions>h;hh;hpp;hxx;h++;hm;inl;inc;ipp;xsd</Extensions>
    </Filter>
    <Filter Include="Resource Files">
      <UniqueIdentifier>{67DA6AB6-F800-4c08-8B7A-83BB121AAD01}</UniqueIdentifier>
      <Extensions>rc;ico;cur;bmp;dlg;rc2;rct;bin;rgs;gif;jpg;jpeg;jpe;resx;tiff;tif;png;wav;mfcribbon-ms</Extensions>
    </Filter>
    <Filter Include="Dependicies">
      <UniqueIdentifier>{26f15927-8c72-4474-9f18-5a0907a72e42}</UniqueIdentifier>
    </Filter>
  </ItemGroup>
  <ItemGroup>
    <ClCompile Include="main.cpp">
      <Filter>Source Files</Filter>
    </ClCompile>
    <ClCompile Include="..\Transform\InputDataStream\MemoryInputStream\MemoryInputStream.cpp">
      <Filter>Dependicies</Filter>
    </ClCompile>
    <ClCompile Include="..\Transform\InputDataStream\FileInputStream\FileInputStream.cpp">
      <Filter>Dependicies</Filter>
    </ClCompile>
    <ClCompile Include="..\Transform\OutputDataStream\FileOutputStream\FileOutputStream.cpp">
      <Filter>Dependicies</Filter>
    </ClCompile>
    <ClCompile Include="..\Transform\OutputDataStream\MemoryOutputStream\MemoryOutputStream.cpp">
      <Filter>Dependicies</Filter>
    </ClCompile>
    <ClCompile Include="..\Transform\OutputDataStreamDecorator\OutputDataStreamDecorator.cpp">
      <Filter>Dependicies</Filter>
    </ClCompile>
    <ClCompile Include="..\Transform\OutputDataStreamDecorator\CryptOutputDecorator\CryptOutputStreamDecorator.cpp">
      <Filter>Dependicies</Filter>
    </ClCompile>
    <ClCompile Include="..\Transform\InputDataStreamDecorator\InputDataStreamDecorator.cpp">
      <Filter>Dependicies</Filter>
    </ClCompile>
    <ClCompile Include="..\Transform\InputDataStreamDecorator\DecryptInputDecorator\DecryptInputStreamDecorator.cpp">
      <Filter>Dependicies</Filter>
    </ClCompile>
    <ClCompile Include="..\Transform\Cryptographer\Cryptographer.cpp">
      <Filter>Dependicies</Filter>
    </ClCompile>
    <ClCompile Include="..\Transform\InputDataStreamDecorator\DecompressInputDecorator\DecompressInputStreamDecorator.cpp">
      <Filter>Dependicies</Filter>
    </ClCompile>
    <ClCompile Include="..\Transform\OutputDataStreamDecorator\CompressOutputDecorator\CompressOutputStreamDecorator.cpp">
      <Filter>Dependicies</Filter>
    </ClCompile>
  </ItemGroup>
  <ItemGroup>
    <ClInclude Include="..\Transform\InputDataStream\MemoryInputStream\MemoryInputStream.h">
      <Filter>Dependicies</Filter>
    </ClInclude>
    <ClInclude Include="..\Transform\InputDataStream\FileInputStream\FileInputStream.h">
      <Filter>Dependicies</Filter>
    </ClInclude>
    <ClInclude Include="..\Transform\OutputDataStream\FileOutputStream\FileOutputStream.h">
      <Filter>Dependicies</Filter>
    </ClInclude>
    <ClInclude Include="..\Transform\OutputDataStream\MemoryOutputStream\MemoryOutputStream.h">
      <Filter>Dependicies</Filter>
    </ClInclude>
    <ClInclude Include="..\Transform\OutputDataStreamDecorator\OutputDataStreamDecorator.h">
      <Filter>Dependicies</Filter>
    </ClInclude>
    <ClInclude Include="..\Transform\OutputDataStreamDecorator\CryptOutputDecorator\CryptOutputStreamDecorator.h">
      <Filter>Dependicies</Filter>
    </ClInclude>
    <ClInclude Include="..\Transform\InputDataStreamDecorator\InputDataStreamDecorator.h">
      <Filter>Dependicies</Filter>
    </ClInclude>
    <ClInclude Include="..\Transform\InputDataStreamDecorator\DecryptInputDecorator\DecryptInputStreamDecorator.h">
      <Filter>Dependicies</Filter>
    </ClInclude>
    <ClInclude Include="..\Transform\Cryptographer\Cryptographer.h">
      <Filter>Dependicies</Filter>
    </ClInclude>
    <ClInclude Include="..\Transform\InputDataStreamDecorator\DecompressInputDecorator\DecompressInputStreamDecorator.h">
      <Filter>Dependicies</Filter>
    </ClInclude>
    <ClInclude Include="..\Transform\OutputDataStreamDecorator\CompressOutputDecorator\CompressOutputStreamDecorator.h">
      <Filter>Dependicies</Filter>
    </ClInclude>
  </ItemGroup>
</Project>