<?xml version="1.0" encoding="utf-8"?>
<Project ToolsVersion="4.0" xmlns="http://schemas.microsoft.com/developer/msbuild/2003">
  <ItemGroup>
    <Filter Include="Source Files">
      <UniqueIdentifier>{4FC737F1-C7A5-4376-A066-2A32D752A2FF}</UniqueIdentifier>
      <Extensions>cpp;c;cc;cxx;c++;cppm;ixx;def;odl;idl;hpj;bat;asm;asmx</Extensions>
    </Filter>
    <Filter Include="Header Files">
      <UniqueIdentifier>{93995380-89BD-4b04-88EB-625FBE52EBFB}</UniqueIdentifier>
      <Extensions>h;hh;hpp;hxx;h++;hm;inl;inc;ipp;xsd</Extensions>
    </Filter>
    <Filter Include="Resource Files">
      <UniqueIdentifier>{67DA6AB6-F800-4c08-8B7A-83BB121AAD01}</UniqueIdentifier>
      <Extensions>rc;ico;cur;bmp;dlg;rc2;rct;bin;rgs;gif;jpg;jpeg;jpe;resx;tiff;tif;png;wav;mfcribbon-ms</Extensions>
    </Filter>
    <Filter Include="Source Files\Display">
      <UniqueIdentifier>{8e106dcd-1622-479c-8908-63a7726f673f}</UniqueIdentifier>
    </Filter>
    <Filter Include="Source Files\Observer">
      <UniqueIdentifier>{8e8ef3e6-e52d-41df-aa69-03010e02793d}</UniqueIdentifier>
    </Filter>
    <Filter Include="Source Files\WeatherDataPro">
      <UniqueIdentifier>{7fdf5b37-5f39-4e0c-88f4-46a80687979e}</UniqueIdentifier>
    </Filter>
    <Filter Include="Source Files\Display\CDisplay">
      <UniqueIdentifier>{906531e9-a253-452e-abfb-ea7c098d05c9}</UniqueIdentifier>
    </Filter>
    <Filter Include="Source Files\Display\StatsDisplay">
      <UniqueIdentifier>{12a29879-3c05-4ffb-acc0-db0d6c73823b}</UniqueIdentifier>
    </Filter>
    <Filter Include="Source Files\Display\StatsDisplay\StatsData">
      <UniqueIdentifier>{b3f713c7-cebe-43ed-815b-a0772011efa9}</UniqueIdentifier>
    </Filter>
  </ItemGroup>
  <ItemGroup>
    <ClCompile Include="main.cpp">
      <Filter>Source Files</Filter>
    </ClCompile>
    <ClCompile Include="Display\StatsDisplay\StatsDisplay.cpp">
      <Filter>Source Files\Display\StatsDisplay</Filter>
    </ClCompile>
    <ClCompile Include="Display\StatsDisplay\StatsData\StatsData.cpp">
      <Filter>Source Files\Display\StatsDisplay\StatsData</Filter>
    </ClCompile>
    <ClCompile Include="Display\CDisplay\CDisplay.cpp">
      <Filter>Source Files\Display\CDisplay</Filter>
    </ClCompile>
    <ClCompile Include="WeatherDataPro\WeatherDataPro.cpp">
      <Filter>Source Files\WeatherDataPro</Filter>
    </ClCompile>
    <ClCompile Include="Display\StatsDisplay\StatsData\StatsDataAngle.cpp">
      <Filter>Source Files\Display\StatsDisplay\StatsData</Filter>
    </ClCompile>
  </ItemGroup>
  <ItemGroup>
    <ClInclude Include="Display\StatsDisplay\StatsDisplay.h">
      <Filter>Source Files\Display\StatsDisplay</Filter>
    </ClInclude>
    <ClInclude Include="Display\StatsDisplay\StatsData\StatsData.h">
      <Filter>Source Files\Display\StatsDisplay\StatsData</Filter>
    </ClInclude>
    <ClInclude Include="Display\CDisplay\CDisplay.h">
      <Filter>Source Files\Display\CDisplay</Filter>
    </ClInclude>
    <ClInclude Include="WeatherDataPro\WeatherDataPro.h">
      <Filter>Source Files\WeatherDataPro</Filter>
    </ClInclude>
    <ClInclude Include="Observer\CObservable.h">
      <Filter>Source Files\Observer</Filter>
    </ClInclude>
    <ClInclude Include="Observer\IObservable.h">
      <Filter>Source Files\Observer</Filter>
    </ClInclude>
    <ClInclude Include="Observer\IObserver.h">
      <Filter>Source Files\Observer</Filter>
    </ClInclude>
    <ClInclude Include="Display\StatsDisplay\StatsData\StatsDataAngle.h">
      <Filter>Source Files\Display\StatsDisplay\StatsData</Filter>
    </ClInclude>
  </ItemGroup>
</Project>