<?xml version="1.0" encoding="utf-8"?>
<Project ToolsVersion="4.0" xmlns="http://schemas.microsoft.com/developer/msbuild/2003">
  <ItemGroup>
    <Filter Include="Source Files">
      <UniqueIdentifier>{4FC737F1-C7A5-4376-A066-2A32D752A2FF}</UniqueIdentifier>
      <Extensions>cpp;c;cc;cxx;c++;cppm;ixx;def;odl;idl;hpj;bat;asm;asmx</Extensions>
    </Filter>
    <Filter Include="Header Files">
      <UniqueIdentifier>{93995380-89BD-4b04-88EB-625FBE52EBFB}</UniqueIdentifier>
      <Extensions>h;hh;hpp;hxx;h++;hm;inl;inc;ipp;xsd</Extensions>
    </Filter>
    <Filter Include="Resource Files">
      <UniqueIdentifier>{67DA6AB6-F800-4c08-8B7A-83BB121AAD01}</UniqueIdentifier>
      <Extensions>rc;ico;cur;bmp;dlg;rc2;rct;bin;rgs;gif;jpg;jpeg;jpe;resx;tiff;tif;png;wav;mfcribbon-ms</Extensions>
    </Filter>
    <Filter Include="Source Files\Shape">
      <UniqueIdentifier>{b5fa113d-27e3-4037-aba1-d9a625a1d73f}</UniqueIdentifier>
    </Filter>
    <Filter Include="Source Files\Shape\ShapeStrategy">
      <UniqueIdentifier>{6209af9d-754d-422a-bae5-071276e070df}</UniqueIdentifier>
    </Filter>
    <Filter Include="Source Files\gfx">
      <UniqueIdentifier>{607640e7-6252-476d-8fe3-dbc929f90d08}</UniqueIdentifier>
    </Filter>
  </ItemGroup>
  <ItemGroup>
    <ClCompile Include="main.cpp">
      <Filter>Source Files</Filter>
    </ClCompile>
    <ClCompile Include="Shape\Shape.cpp">
      <Filter>Source Files\Shape</Filter>
    </ClCompile>
  </ItemGroup>
  <ItemGroup>
    <ClInclude Include="Shape\Shape.h">
      <Filter>Source Files\Shape</Filter>
    </ClInclude>
    <ClInclude Include="Shape\ShapeStrategy\IShapeStrategy.h">
      <Filter>Source Files\Shape\ShapeStrategy</Filter>
    </ClInclude>
    <ClInclude Include="gfx\Color.h">
      <Filter>Source Files\gfx</Filter>
    </ClInclude>
    <ClInclude Include="gfx\ICanvas.h">
      <Filter>Source Files\gfx</Filter>
    </ClInclude>
    <ClInclude Include="Shape\ShapeStrategy\EllipseStrategy.h">
      <Filter>Source Files\Shape\ShapeStrategy</Filter>
    </ClInclude>
    <ClInclude Include="Shape\ShapeStrategy\LineStrategy.h">
      <Filter>Source Files\Shape\ShapeStrategy</Filter>
    </ClInclude>
    <ClInclude Include="Shape\ShapeStrategy\RectangleStrategy.h">
      <Filter>Source Files\Shape\ShapeStrategy</Filter>
    </ClInclude>
    <ClInclude Include="Shape\ShapeStrategy\TextStrategy.h">
      <Filter>Source Files\Shape\ShapeStrategy</Filter>
    </ClInclude>
    <ClInclude Include="Shape\ShapeStrategy\TriangleStrategy.h">
      <Filter>Source Files\Shape\ShapeStrategy</Filter>
    </ClInclude>
  </ItemGroup>
</Project>