<?xml version="1.0" encoding="utf-8"?>
<Project ToolsVersion="4.0" xmlns="http://schemas.microsoft.com/developer/msbuild/2003">
  <ItemGroup>
    <Filter Include="Source Files">
      <UniqueIdentifier>{4FC737F1-C7A5-4376-A066-2A32D752A2FF}</UniqueIdentifier>
      <Extensions>cpp;c;cc;cxx;c++;cppm;ixx;def;odl;idl;hpj;bat;asm;asmx</Extensions>
    </Filter>
    <Filter Include="Header Files">
      <UniqueIdentifier>{93995380-89BD-4b04-88EB-625FBE52EBFB}</UniqueIdentifier>
      <Extensions>h;hh;hpp;hxx;h++;hm;inl;inc;ipp;xsd</Extensions>
    </Filter>
    <Filter Include="Resource Files">
      <UniqueIdentifier>{67DA6AB6-F800-4c08-8B7A-83BB121AAD01}</UniqueIdentifier>
      <Extensions>rc;ico;cur;bmp;dlg;rc2;rct;bin;rgs;gif;jpg;jpeg;jpe;resx;tiff;tif;png;wav;mfcribbon-ms</Extensions>
    </Filter>
    <Filter Include="Source Files\Shape">
      <UniqueIdentifier>{b5fa113d-27e3-4037-aba1-d9a625a1d73f}</UniqueIdentifier>
    </Filter>
    <Filter Include="Source Files\Shape\ShapeStrategy">
      <UniqueIdentifier>{6209af9d-754d-422a-bae5-071276e070df}</UniqueIdentifier>
    </Filter>
    <Filter Include="Source Files\gfx">
      <UniqueIdentifier>{607640e7-6252-476d-8fe3-dbc929f90d08}</UniqueIdentifier>
    </Filter>
    <Filter Include="Source Files\Command">
      <UniqueIdentifier>{0fc32f8d-5d24-455c-858e-274ce86dd30a}</UniqueIdentifier>
    </Filter>
    <Filter Include="Source Files\Picture">
      <UniqueIdentifier>{905bd1fb-837e-46cc-8438-68fea7ccba45}</UniqueIdentifier>
    </Filter>
    <Filter Include="Source Files\Command\Commands">
      <UniqueIdentifier>{10b23151-d2db-424e-90f5-1b3fa3739e5c}</UniqueIdentifier>
    </Filter>
    <Filter Include="Source Files\gfx\svgCanvas">
      <UniqueIdentifier>{5dda42fd-edab-40ca-9109-bd8fb6a13dfe}</UniqueIdentifier>
    </Filter>
  </ItemGroup>
  <ItemGroup>
    <ClCompile Include="main.cpp">
      <Filter>Source Files</Filter>
    </ClCompile>
    <ClCompile Include="Shape\Shape.cpp">
      <Filter>Source Files\Shape</Filter>
    </ClCompile>
    <ClCompile Include="Shape\Picture.cpp">
      <Filter>Source Files\Picture</Filter>
    </ClCompile>
    <ClCompile Include="Command\CommandProcessor.cpp">
      <Filter>Source Files\Command</Filter>
    </ClCompile>
    <ClCompile Include="gfx\svgCanvas\svgCanvas.cpp">
      <Filter>Source Files\gfx\svgCanvas</Filter>
    </ClCompile>
  </ItemGroup>
  <ItemGroup>
    <ClInclude Include="Shape\Shape.h">
      <Filter>Source Files\Shape</Filter>
    </ClInclude>
    <ClInclude Include="Shape\ShapeStrategy\IShapeStrategy.h">
      <Filter>Source Files\Shape\ShapeStrategy</Filter>
    </ClInclude>
    <ClInclude Include="gfx\Color.h">
      <Filter>Source Files\gfx</Filter>
    </ClInclude>
    <ClInclude Include="gfx\ICanvas.h">
      <Filter>Source Files\gfx</Filter>
    </ClInclude>
    <ClInclude Include="Shape\ShapeStrategy\EllipseStrategy.h">
      <Filter>Source Files\Shape\ShapeStrategy</Filter>
    </ClInclude>
    <ClInclude Include="Shape\ShapeStrategy\LineStrategy.h">
      <Filter>Source Files\Shape\ShapeStrategy</Filter>
    </ClInclude>
    <ClInclude Include="Shape\ShapeStrategy\RectangleStrategy.h">
      <Filter>Source Files\Shape\ShapeStrategy</Filter>
    </ClInclude>
    <ClInclude Include="Shape\ShapeStrategy\TextStrategy.h">
      <Filter>Source Files\Shape\ShapeStrategy</Filter>
    </ClInclude>
    <ClInclude Include="Shape\ShapeStrategy\TriangleStrategy.h">
      <Filter>Source Files\Shape\ShapeStrategy</Filter>
    </ClInclude>
    <ClInclude Include="Shape\Picture.h">
      <Filter>Source Files\Picture</Filter>
    </ClInclude>
    <ClInclude Include="Command\CommandProcessor.h">
      <Filter>Source Files\Command</Filter>
    </ClInclude>
    <ClInclude Include="Command\AddShapeCommand.h">
      <Filter>Source Files\Command\Commands</Filter>
    </ClInclude>
    <ClInclude Include="Command\ChangeColorCommand.h">
      <Filter>Source Files\Command\Commands</Filter>
    </ClInclude>
    <ClInclude Include="Command\ChangeShapeCommand.h">
      <Filter>Source Files\Command\Commands</Filter>
    </ClInclude>
    <ClInclude Include="Command\DeleteShapeCommand.h">
      <Filter>Source Files\Command\Commands</Filter>
    </ClInclude>
    <ClInclude Include="Command\DrawPictureCommand.h">
      <Filter>Source Files\Command\Commands</Filter>
    </ClInclude>
    <ClInclude Include="Command\DrawShapeCommand.h">
      <Filter>Source Files\Command\Commands</Filter>
    </ClInclude>
    <ClInclude Include="Command\ICommand.h">
      <Filter>Source Files\Command\Commands</Filter>
    </ClInclude>
    <ClInclude Include="Command\ListCommand.h">
      <Filter>Source Files\Command\Commands</Filter>
    </ClInclude>
    <ClInclude Include="Command\MovePictureCommand.h">
      <Filter>Source Files\Command\Commands</Filter>
    </ClInclude>
    <ClInclude Include="Command\MoveShapeCommand.h">
      <Filter>Source Files\Command\Commands</Filter>
    </ClInclude>
    <ClInclude Include="Shape\ShapeStrategy\ShapeStrategyFactory.h">
      <Filter>Source Files\Shape\ShapeStrategy</Filter>
    </ClInclude>
    <ClInclude Include="Command\ExitCommand.h">
      <Filter>Source Files\Command\Commands</Filter>
    </ClInclude>
    <ClInclude Include="Command\HelpCommand.h">
      <Filter>Source Files\Command\Commands</Filter>
    </ClInclude>
    <ClInclude Include="gfx\svgCanvas\svgCanvas.h">
      <Filter>Source Files\gfx\svgCanvas</Filter>
    </ClInclude>
    <ClInclude Include="gfx\svgCanvas\simple_svg_1.0.0.hpp">
      <Filter>Source Files\gfx\svgCanvas</Filter>
    </ClInclude>
  </ItemGroup>
</Project>