
Microsoft Visual Studio Solution File, Format Version 12.00
# Visual Studio Version 17
VisualStudioVersion = 17.14.36603.0 d17.14
MinimumVisualStudioVersion = 10.0.40219.1
Project("{8BC9CEB8-8B4A-11D0-8D11-00A0C91BC942}") = "Slides", "Slides\Slides.vcxproj", "{560C1D18-17EF-4870-999F-789623180ADA}"
EndProject
Global
	GlobalSection(SolutionConfigurationPlatforms) = preSolution
		Debug|x64 = Debug|x64
		Debug|x86 = Debug|x86
		Release|x64 = Release|x64
		Release|x86 = Release|x86
	EndGlobalSection
	GlobalSection(ProjectConfigurationPlatforms) = postSolution
		{560C1D18-17EF-4870-999F-789623180ADA}.Debug|x64.ActiveCfg = Debug|x64
		{560C1D18-17EF-4870-999F-789623180ADA}.Debug|x64.Build.0 = Debug|x64
		{560C1D18-17EF-4870-999F-789623180ADA}.Debug|x86.ActiveCfg = Debug|Win32
		{560C1D18-17EF-4870-999F-789623180ADA}.Debug|x86.Build.0 = Debug|Win32
		{560C1D18-17EF-4870-999F-789623180ADA}.Release|x64.ActiveCfg = Release|x64
		{560C1D18-17EF-4870-999F-789623180ADA}.Release|x64.Build.0 = Release|x64
		{560C1D18-17EF-4870-999F-789623180ADA}.Release|x86.ActiveCfg = Release|Win32
		{560C1D18-17EF-4870-999F-789623180ADA}.Release|x86.Build.0 = Release|Win32
	EndGlobalSection
	GlobalSection(SolutionProperties) = preSolution
		HideSolutionNode = FALSE
	EndGlobalSection
	GlobalSection(ExtensibilityGlobals) = postSolution
		SolutionGuid = {0299D9B2-B4AE-4B21-8FEF-856FE7219114}
	EndGlobalSection
EndGlobal
