<?xml version="1.0" encoding="utf-8"?>
<Project ToolsVersion="4.0" xmlns="http://schemas.microsoft.com/developer/msbuild/2003">
  <ItemGroup>
    <Filter Include="Source Files">
      <UniqueIdentifier>{4FC737F1-C7A5-4376-A066-2A32D752A2FF}</UniqueIdentifier>
      <Extensions>cpp;c;cc;cxx;c++;cppm;ixx;def;odl;idl;hpj;bat;asm;asmx</Extensions>
    </Filter>
    <Filter Include="Header Files">
      <UniqueIdentifier>{93995380-89BD-4b04-88EB-625FBE52EBFB}</UniqueIdentifier>
      <Extensions>h;hh;hpp;hxx;h++;hm;inl;inc;ipp;xsd</Extensions>
    </Filter>
    <Filter Include="Resource Files">
      <UniqueIdentifier>{67DA6AB6-F800-4c08-8B7A-83BB121AAD01}</UniqueIdentifier>
      <Extensions>rc;ico;cur;bmp;dlg;rc2;rct;bin;rgs;gif;jpg;jpeg;jpe;resx;tiff;tif;png;wav;mfcribbon-ms</Extensions>
    </Filter>
    <Filter Include="Dependicies">
      <UniqueIdentifier>{438a0508-af95-4aab-babe-466cd9df4b04}</UniqueIdentifier>
    </Filter>
  </ItemGroup>
  <ItemGroup>
    <ClCompile Include="TileTests.cpp">
      <Filter>Source Files</Filter>
    </ClCompile>
    <ClCompile Include="..\TiledImage\Image\Image.cpp">
      <Filter>Dependicies</Filter>
    </ClCompile>
    <ClCompile Include="ImageTests.cpp">
      <Filter>Source Files</Filter>
    </ClCompile>
  </ItemGroup>
  <ItemGroup>
    <ClInclude Include="..\TiledImage\Image\Image.h">
      <Filter>Dependicies</Filter>
    </ClInclude>
    <ClInclude Include="..\TiledImage\Tile\Tile.h">
      <Filter>Dependicies</Filter>
    </ClInclude>
    <ClInclude Include="..\TiledImage\CopyOnWrite\CoW.h">
      <Filter>Dependicies</Filter>
    </ClInclude>
    <ClInclude Include="..\TiledImage\Shared\Geometry.h">
      <Filter>Dependicies</Filter>
    </ClInclude>
  </ItemGroup>
</Project>